// !$*UTF8*$!
{
	archiveVersion = 1;
	classes = {
	};
	objectVersion = 46;
	objects = {

/* Begin PBXBuildFile section */
		04A7A7951E1BCA1100051F47 /* DetailViewController.swift in Sources */ = {isa = PBXBuildFile; fileRef = 04A7A7941E1BCA1100051F47 /* DetailViewController.swift */; };
		04A7A7971E1CAB0000051F47 /* MasterTableViewCell.swift in Sources */ = {isa = PBXBuildFile; fileRef = 04A7A7961E1CAB0000051F47 /* MasterTableViewCell.swift */; };
		04D1BD451E161AA700B9D021 /* AppDelegate.swift in Sources */ = {isa = PBXBuildFile; fileRef = 04D1BD441E161AA700B9D021 /* AppDelegate.swift */; };
		04D1BD471E161AA700B9D021 /* MasterViewController.swift in Sources */ = {isa = PBXBuildFile; fileRef = 04D1BD461E161AA700B9D021 /* MasterViewController.swift */; };
		04D1BD4A1E161AA700B9D021 /* Main.storyboard in Resources */ = {isa = PBXBuildFile; fileRef = 04D1BD481E161AA700B9D021 /* Main.storyboard */; };
		04D1BD4C1E161AA700B9D021 /* Assets.xcassets in Resources */ = {isa = PBXBuildFile; fileRef = 04D1BD4B1E161AA700B9D021 /* Assets.xcassets */; };
		04D1BD4F1E161AA700B9D021 /* LaunchScreen.storyboard in Resources */ = {isa = PBXBuildFile; fileRef = 04D1BD4D1E161AA700B9D021 /* LaunchScreen.storyboard */; };
/* End PBXBuildFile section */

/* Begin PBXFileReference section */
		04A7A7941E1BCA1100051F47 /* DetailViewController.swift */ = {isa = PBXFileReference; fileEncoding = 4; lastKnownFileType = sourcecode.swift; path = DetailViewController.swift; sourceTree = "<group>"; };
		04A7A7961E1CAB0000051F47 /* MasterTableViewCell.swift */ = {isa = PBXFileReference; fileEncoding = 4; lastKnownFileType = sourcecode.swift; path = MasterTableViewCell.swift; sourceTree = "<group>"; };
		04D1BD411E161AA700B9D021 /* TaipeiAdoptionAnimal.app */ = {isa = PBXFileReference; explicitFileType = wrapper.application; includeInIndex = 0; path = TaipeiAdoptionAnimal.app; sourceTree = BUILT_PRODUCTS_DIR; };
		04D1BD441E161AA700B9D021 /* AppDelegate.swift */ = {isa = PBXFileReference; lastKnownFileType = sourcecode.swift; path = AppDelegate.swift; sourceTree = "<group>"; };
		04D1BD461E161AA700B9D021 /* MasterViewController.swift */ = {isa = PBXFileReference; lastKnownFileType = sourcecode.swift; path = MasterViewController.swift; sourceTree = "<group>"; };
		04D1BD491E161AA700B9D021 /* Base */ = {isa = PBXFileReference; lastKnownFileType = file.storyboard; name = Base; path = Base.lproj/Main.storyboard; sourceTree = "<group>"; };
		04D1BD4B1E161AA700B9D021 /* Assets.xcassets */ = {isa = PBXFileReference; lastKnownFileType = folder.assetcatalog; path = Assets.xcassets; sourceTree = "<group>"; };
		04D1BD4E1E161AA700B9D021 /* Base */ = {isa = PBXFileReference; lastKnownFileType = file.storyboard; name = Base; path = Base.lproj/LaunchScreen.storyboard; sourceTree = "<group>"; };
		04D1BD501E161AA700B9D021 /* Info.plist */ = {isa = PBXFileReference; lastKnownFileType = text.plist.xml; path = Info.plist; sourceTree = "<group>"; };
/* End PBXFileReference section */

/* Begin PBXFrameworksBuildPhase section */
		04D1BD3E1E161AA700B9D021 /* Frameworks */ = {
			isa = PBXFrameworksBuildPhase;
			buildActionMask = 2147483647;
			files = (
			);
			runOnlyForDeploymentPostprocessing = 0;
		};
/* End PBXFrameworksBuildPhase section */

/* Begin PBXGroup section */
		0400E5C81E1629D700A08606 /* Models */ = {
			isa = PBXGroup;
			children = (
			);
			name = Models;
			sourceTree = "<group>";
		};
		04D1BD381E161AA700B9D021 = {
			isa = PBXGroup;
			children = (
				04D1BD431E161AA700B9D021 /* TaipeiAdoptionAnimal */,
				04D1BD421E161AA700B9D021 /* Products */,
			);
			sourceTree = "<group>";
		};
		04D1BD421E161AA700B9D021 /* Products */ = {
			isa = PBXGroup;
			children = (
				04D1BD411E161AA700B9D021 /* TaipeiAdoptionAnimal.app */,
			);
			name = Products;
			sourceTree = "<group>";
		};
		04D1BD431E161AA700B9D021 /* TaipeiAdoptionAnimal */ = {
			isa = PBXGroup;
			children = (
				0400E5C81E1629D700A08606 /* Models */,
				04D1BD441E161AA700B9D021 /* AppDelegate.swift */,
				04D1BD461E161AA700B9D021 /* MasterViewController.swift */,
				04A7A7961E1CAB0000051F47 /* MasterTableViewCell.swift */,
				04A7A7941E1BCA1100051F47 /* DetailViewController.swift */,
				04D1BD481E161AA700B9D021 /* Main.storyboard */,
				04D1BD4B1E161AA700B9D021 /* Assets.xcassets */,
				04D1BD4D1E161AA700B9D021 /* LaunchScreen.storyboard */,
				04D1BD501E161AA700B9D021 /* Info.plist */,
			);
			path = TaipeiAdoptionAnimal;
			sourceTree = "<group>";
		};
/* End PBXGroup section */

/* Begin PBXNativeTarget section */
		04D1BD401E161AA700B9D021 /* TaipeiAdoptionAnimal */ = {
			isa = PBXNativeTarget;
			buildConfigurationList = 04D1BD531E161AA700B9D021 /* Build configuration list for PBXNativeTarget "TaipeiAdoptionAnimal" */;
			buildPhases = (
				04D1BD3D1E161AA700B9D021 /* Sources */,
				04D1BD3E1E161AA700B9D021 /* Frameworks */,
				04D1BD3F1E161AA700B9D021 /* Resources */,
			);
			buildRules = (
			);
			dependencies = (
			);
			name = TaipeiAdoptionAnimal;
			productName = NewTaipeiRecruitmentInfo;
			productReference = 04D1BD411E161AA700B9D021 /* TaipeiAdoptionAnimal.app */;
			productType = "com.apple.product-type.application";
		};
/* End PBXNativeTarget section */

/* Begin PBXProject section */
		04D1BD391E161AA700B9D021 /* Project object */ = {
			isa = PBXProject;
			attributes = {
				LastSwiftUpdateCheck = 0820;
				LastUpgradeCheck = 0820;
				ORGANIZATIONNAME = simonkira;
				TargetAttributes = {
					04D1BD401E161AA700B9D021 = {
						CreatedOnToolsVersion = 8.2.1;
						DevelopmentTeam = W5CPS7Q8U3;
						ProvisioningStyle = Automatic;
					};
				};
			};
			buildConfigurationList = 04D1BD3C1E161AA700B9D021 /* Build configuration list for PBXProject "TaipeiAdoptionAnimal" */;
			compatibilityVersion = "Xcode 3.2";
			developmentRegion = English;
			hasScannedForEncodings = 0;
			knownRegions = (
				en,
				Base,
			);
			mainGroup = 04D1BD381E161AA700B9D021;
			productRefGroup = 04D1BD421E161AA700B9D021 /* Products */;
			projectDirPath = "";
			projectRoot = "";
			targets = (
				04D1BD401E161AA700B9D021 /* TaipeiAdoptionAnimal */,
			);
		};
/* End PBXProject section */

/* Begin PBXResourcesBuildPhase section */
		04D1BD3F1E161AA700B9D021 /* Resources */ = {
			isa = PBXResourcesBuildPhase;
			buildActionMask = 2147483647;
			files = (
				04D1BD4F1E161AA700B9D021 /* LaunchScreen.storyboard in Resources */,
				04D1BD4C1E161AA700B9D021 /* Assets.xcassets in Resources */,
				04D1BD4A1E161AA700B9D021 /* Main.storyboard in Resources */,
			);
			runOnlyForDeploymentPostprocessing = 0;
		};
/* End PBXResourcesBuildPhase section */

/* Begin PBXSourcesBuildPhase section */
		04D1BD3D1E161AA700B9D021 /* Sources */ = {
			isa = PBXSourcesBuildPhase;
			buildActionMask = 2147483647;
			files = (
				04A7A7951E1BCA1100051F47 /* DetailViewController.swift in Sources */,
				04D1BD471E161AA700B9D021 /* MasterViewController.swift in Sources */,
				04D1BD451E161AA700B9D021 /* AppDelegate.swift in Sources */,
				04A7A7971E1CAB0000051F47 /* MasterTableViewCell.swift in Sources */,
			);
			runOnlyForDeploymentPostprocessing = 0;
		};
/* End PBXSourcesBuildPhase section */

/* Begin PBXVariantGroup section */
		04D1BD481E161AA700B9D021 /* Main.storyboard */ = {
			isa = PBXVariantGroup;
			children = (
				04D1BD491E161AA700B9D021 /* Base */,
			);
			name = Main.storyboard;
			sourceTree = "<group>";
		};
		04D1BD4D1E161AA700B9D021 /* LaunchScreen.storyboard */ = {
			isa = PBXVariantGroup;
			children = (
				04D1BD4E1E161AA700B9D021 /* Base */,
			);
			name = LaunchScreen.storyboard;
			sourceTree = "<group>";
		};
/* End PBXVariantGroup section */

/* Begin XCBuildConfiguration section */
		04D1BD511E161AA700B9D021 /* Debug */ = {
			isa = XCBuildConfiguration;
			buildSettings = {
				ALWAYS_SEARCH_USER_PATHS = NO;
				CLANG_ANALYZER_NONNULL = YES;
				CLANG_CXX_LANGUAGE_STANDARD = "gnu++0x";
				CLANG_CXX_LIBRARY = "libc++";
				CLANG_ENABLE_MODULES = YES;
				CLANG_ENABLE_OBJC_ARC = YES;
				CLANG_WARN_BOOL_CONVERSION = YES;
				CLANG_WARN_CONSTANT_CONVERSION = YES;
				CLANG_WARN_DIRECT_OBJC_ISA_USAGE = YES_ERROR;
				CLANG_WARN_DOCUMENTATION_COMMENTS = YES;
				CLANG_WARN_EMPTY_BODY = YES;
				CLANG_WARN_ENUM_CONVERSION = YES;
				CLANG_WARN_INFINITE_RECURSION = YES;
				CLANG_WARN_INT_CONVERSION = YES;
				CLANG_WARN_OBJC_ROOT_CLASS = YES_ERROR;
				CLANG_WARN_SUSPICIOUS_MOVE = YES;
				CLANG_WARN_UNREACHABLE_CODE = YES;
				CLANG_WARN__DUPLICATE_METHOD_MATCH = YES;
				"CODE_SIGN_IDENTITY[sdk=iphoneos*]" = "iPhone Developer";
				COPY_PHASE_STRIP = NO;
				DEBUG_INFORMATION_FORMAT = dwarf;
				ENABLE_STRICT_OBJC_MSGSEND = YES;
				ENABLE_TESTABILITY = YES;
				GCC_C_LANGUAGE_STANDARD = gnu99;
				GCC_DYNAMIC_NO_PIC = NO;
				GCC_NO_COMMON_BLOCKS = YES;
				GCC_OPTIMIZATION_LEVEL = 0;
				GCC_PREPROCESSOR_DEFINITIONS = (
					"DEBUG=1",
					"$(inherited)",
				);
				GCC_WARN_64_TO_32_BIT_CONVERSION = YES;
				GCC_WARN_ABOUT_RETURN_TYPE = YES_ERROR;
				GCC_WARN_UNDECLARED_SELECTOR = YES;
				GCC_WARN_UNINITIALIZED_AUTOS = YES_AGGRESSIVE;
				GCC_WARN_UNUSED_FUNCTION = YES;
				GCC_WARN_UNUSED_VARIABLE = YES;
				IPHONEOS_DEPLOYMENT_TARGET = 8.0;
				MTL_ENABLE_DEBUG_INFO = YES;
				ONLY_ACTIVE_ARCH = YES;
				SDKROOT = iphoneos;
				SWIFT_ACTIVE_COMPILATION_CONDITIONS = DEBUG;
				SWIFT_OPTIMIZATION_LEVEL = "-Onone";
			};
			name = Debug;
		};
		04D1BD521E161AA700B9D021 /* Release */ = {
			isa = XCBuildConfiguration;
			buildSettings = {
				ALWAYS_SEARCH_USER_PATHS = NO;
				CLANG_ANALYZER_NONNULL = YES;
				CLANG_CXX_LANGUAGE_STANDARD = "gnu++0x";
				CLANG_CXX_LIBRARY = "libc++";
				CLANG_ENABLE_MODULES = YES;
				CLANG_ENABLE_OBJC_ARC = YES;
				CLANG_WARN_BOOL_CONVERSION = YES;
				CLANG_WARN_CONSTANT_CONVERSION = YES;
				CLANG_WARN_DIRECT_OBJC_ISA_USAGE = YES_ERROR;
				CLANG_WARN_DOCUMENTATION_COMMENTS = YES;
				CLANG_WARN_EMPTY_BODY = YES;
				CLANG_WARN_ENUM_CONVERSION = YES;
				CLANG_WARN_INFINITE_RECURSION = YES;
				CLANG_WARN_INT_CONVERSION = YES;
				CLANG_WARN_OBJC_ROOT_CLASS = YES_ERROR;
				CLANG_WARN_SUSPICIOUS_MOVE = YES;
				CLANG_WARN_UNREACHABLE_CODE = YES;
				CLANG_WARN__DUPLICATE_METHOD_MATCH = YES;
				"CODE_SIGN_IDENTITY[sdk=iphoneos*]" = "iPhone Developer";
				COPY_PHASE_STRIP = NO;
				DEBUG_INFORMATION_FORMAT = "dwarf-with-dsym";
				ENABLE_NS_ASSERTIONS = NO;
				ENABLE_STRICT_OBJC_MSGSEND = YES;
				GCC_C_LANGUAGE_STANDARD = gnu99;
				GCC_NO_COMMON_BLOCKS = YES;
				GCC_WARN_64_TO_32_BIT_CONVERSION = YES;
				GCC_WARN_ABOUT_RETURN_TYPE = YES_ERROR;
				GCC_WARN_UNDECLARED_SELECTOR = YES;
				GCC_WARN_UNINITIALIZED_AUTOS = YES_AGGRESSIVE;
				GCC_WARN_UNUSED_FUNCTION = YES;
				GCC_WARN_UNUSED_VARIABLE = YES;
				IPHONEOS_DEPLOYMENT_TARGET = 8.0;
				MTL_ENABLE_DEBUG_INFO = NO;
				SDKROOT = iphoneos;
				SWIFT_OPTIMIZATION_LEVEL = "-Owholemodule";
				VALIDATE_PRODUCT = YES;
			};
			name = Release;
		};
		04D1BD541E161AA700B9D021 /* Debug */ = {
			isa = XCBuildConfiguration;
			buildSettings = {
				ASSETCATALOG_COMPILER_APPICON_NAME = AppIcon;
				ASSETCATALOG_COMPILER_LAUNCHIMAGE_NAME = LaunchImageAllDevice;
				DEVELOPMENT_TEAM = W5CPS7Q8U3;
				INFOPLIST_FILE = "$(SRCROOT)/TaipeiAdoptionAnimal/Info.plist";
				LD_RUNPATH_SEARCH_PATHS = "$(inherited) @executable_path/Frameworks";
				PRODUCT_BUNDLE_IDENTIFIER = com.simon.TaipeiAdoptionAnimal;
				PRODUCT_NAME = "$(TARGET_NAME)";
				SWIFT_VERSION = 3.0;
			};
			name = Debug;
		};
		04D1BD551E161AA700B9D021 /* Release */ = {
			isa = XCBuildConfiguration;
			buildSettings = {
				ASSETCATALOG_COMPILER_APPICON_NAME = AppIcon;
				ASSETCATALOG_COMPILER_LAUNCHIMAGE_NAME = LaunchImageAllDevice;
				DEVELOPMENT_TEAM = W5CPS7Q8U3;
				INFOPLIST_FILE = "$(SRCROOT)/TaipeiAdoptionAnimal/Info.plist";
				LD_RUNPATH_SEARCH_PATHS = "$(inherited) @executable_path/Frameworks";
				PRODUCT_BUNDLE_IDENTIFIER = com.simon.TaipeiAdoptionAnimal;
				PRODUCT_NAME = "$(TARGET_NAME)";
				SWIFT_VERSION = 3.0;
			};
			name = Release;
		};
/* End XCBuildConfiguration section */

/* Begin XCConfigurationList section */
		04D1BD3C1E161AA700B9D021 /* Build configuration list for PBXProject "TaipeiAdoptionAnimal" */ = {
			isa = XCConfigurationList;
			buildConfigurations = (
				04D1BD511E161AA700B9D021 /* Debug */,
				04D1BD521E161AA700B9D021 /* Release */,
			);
			defaultConfigurationIsVisible = 0;
			defaultConfigurationName = Release;
		};
		04D1BD531E161AA700B9D021 /* Build configuration list for PBXNativeTarget "TaipeiAdoptionAnimal" */ = {
			isa = XCConfigurationList;
			buildConfigurations = (
				04D1BD541E161AA700B9D021 /* Debug */,
				04D1BD551E161AA700B9D021 /* Release */,
			);
			defaultConfigurationIsVisible = 0;
			defaultConfigurationName = Release;
		};
/* End XCConfigurationList section */
	};
	rootObject = 04D1BD391E161AA700B9D021 /* Project object */;
}
