// !$*UTF8*$!
{
	archiveVersion = 1;
	classes = {
	};
	objectVersion = 46;
	objects = {

/* Begin PBXBuildFile section */
		040D62ED1E1E34D00071EB1F /* share.png in Resources */ = {isa = PBXBuildFile; fileRef = 040D62EC1E1E34D00071EB1F /* share.png */; };
		0433C41E1E1CF7F800DB8C67 /* DetailTableViewCell.swift in Sources */ = {isa = PBXBuildFile; fileRef = 0433C41D1E1CF7F800DB8C67 /* DetailTableViewCell.swift */; };
		0461F97F1E1D45F5003694B7 /* logo.png in Resources */ = {isa = PBXBuildFile; fileRef = 0461F97E1E1D45F5003694B7 /* logo.png */; };
		04A7A7951E1BCA1100051F47 /* DetailViewController.swift in Sources */ = {isa = PBXBuildFile; fileRef = 04A7A7941E1BCA1100051F47 /* DetailViewController.swift */; };
		04A7A7971E1CAB0000051F47 /* MasterTableViewCell.swift in Sources */ = {isa = PBXBuildFile; fileRef = 04A7A7961E1CAB0000051F47 /* MasterTableViewCell.swift */; };
		04D1BD451E161AA700B9D021 /* AppDelegate.swift in Sources */ = {isa = PBXBuildFile; fileRef = 04D1BD441E161AA700B9D021 /* AppDelegate.swift */; };
		04D1BD471E161AA700B9D021 /* MasterViewController.swift in Sources */ = {isa = PBXBuildFile; fileRef = 04D1BD461E161AA700B9D021 /* MasterViewController.swift */; };
		04D1BD4A1E161AA700B9D021 /* Main.storyboard in Resources */ = {isa = PBXBuildFile; fileRef = 04D1BD481E161AA700B9D021 /* Main.storyboard */; };
		04D1BD4C1E161AA700B9D021 /* Assets.xcassets in Resources */ = {isa = PBXBuildFile; fileRef = 04D1BD4B1E161AA700B9D021 /* Assets.xcassets */; };
		04D1BD4F1E161AA700B9D021 /* LaunchScreen.storyboard in Resources */ = {isa = PBXBuildFile; fileRef = 04D1BD4D1E161AA700B9D021 /* LaunchScreen.storyboard */; };
		CDF74EBC04636A387B200AFC /* Pods_TaipeiAdoptionAnimal.framework in Frameworks */ = {isa = PBXBuildFile; fileRef = 53C89FA7F908FB96F13997A7 /* Pods_TaipeiAdoptionAnimal.framework */; };
/* End PBXBuildFile section */

/* Begin PBXFileReference section */
		040D62EC1E1E34D00071EB1F /* share.png */ = {isa = PBXFileReference; lastKnownFileType = image.png; path = share.png; sourceTree = "<group>"; };
		0433C41D1E1CF7F800DB8C67 /* DetailTableViewCell.swift */ = {isa = PBXFileReference; fileEncoding = 4; lastKnownFileType = sourcecode.swift; path = DetailTableViewCell.swift; sourceTree = "<group>"; };
		0461F97E1E1D45F5003694B7 /* logo.png */ = {isa = PBXFileReference; lastKnownFileType = image.png; path = logo.png; sourceTree = "<group>"; };
		04A7A7941E1BCA1100051F47 /* DetailViewController.swift */ = {isa = PBXFileReference; fileEncoding = 4; lastKnownFileType = sourcecode.swift; path = DetailViewController.swift; sourceTree = "<group>"; };
		04A7A7961E1CAB0000051F47 /* MasterTableViewCell.swift */ = {isa = PBXFileReference; fileEncoding = 4; lastKnownFileType = sourcecode.swift; path = MasterTableViewCell.swift; sourceTree = "<group>"; };
		04D1BD411E161AA700B9D021 /* TaipeiAdoptionAnimal.app */ = {isa = PBXFileReference; explicitFileType = wrapper.application; includeInIndex = 0; path = TaipeiAdoptionAnimal.app; sourceTree = BUILT_PRODUCTS_DIR; };
		04D1BD441E161AA700B9D021 /* AppDelegate.swift */ = {isa = PBXFileReference; lastKnownFileType = sourcecode.swift; path = AppDelegate.swift; sourceTree = "<group>"; };
		04D1BD461E161AA700B9D021 /* MasterViewController.swift */ = {isa = PBXFileReference; lastKnownFileType = sourcecode.swift; path = MasterViewController.swift; sourceTree = "<group>"; };
		04D1BD491E161AA700B9D021 /* Base */ = {isa = PBXFileReference; lastKnownFileType = file.storyboard; name = Base; path = Base.lproj/Main.storyboard; sourceTree = "<group>"; };
		04D1BD4B1E161AA700B9D021 /* Assets.xcassets */ = {isa = PBXFileReference; lastKnownFileType = folder.assetcatalog; path = Assets.xcassets; sourceTree = "<group>"; };
		04D1BD4E1E161AA700B9D021 /* Base */ = {isa = PBXFileReference; lastKnownFileType = file.storyboard; name = Base; path = Base.lproj/LaunchScreen.storyboard; sourceTree = "<group>"; };
		04D1BD501E161AA700B9D021 /* Info.plist */ = {isa = PBXFileReference; lastKnownFileType = text.plist.xml; path = Info.plist; sourceTree = "<group>"; };
		53C89FA7F908FB96F13997A7 /* Pods_TaipeiAdoptionAnimal.framework */ = {isa = PBXFileReference; explicitFileType = wrapper.framework; includeInIndex = 0; path = Pods_TaipeiAdoptionAnimal.framework; sourceTree = BUILT_PRODUCTS_DIR; };
		96A096EDC29F54F0C7C9685A /* Pods-TaipeiAdoptionAnimal.release.xcconfig */ = {isa = PBXFileReference; includeInIndex = 1; lastKnownFileType = text.xcconfig; name = "Pods-TaipeiAdoptionAnimal.release.xcconfig"; path = "Pods/Target Support Files/Pods-TaipeiAdoptionAnimal/Pods-TaipeiAdoptionAnimal.release.xcconfig"; sourceTree = "<group>"; };
		C25E39FB8C38AFBE090FE4C4 /* Pods-TaipeiAdoptionAnimal.debug.xcconfig */ = {isa = PBXFileReference; includeInIndex = 1; lastKnownFileType = text.xcconfig; name = "Pods-TaipeiAdoptionAnimal.debug.xcconfig"; path = "Pods/Target Support Files/Pods-TaipeiAdoptionAnimal/Pods-TaipeiAdoptionAnimal.debug.xcconfig"; sourceTree = "<group>"; };
/* End PBXFileReference section */

/* Begin PBXFrameworksBuildPhase section */
		04D1BD3E1E161AA700B9D021 /* Frameworks */ = {
			isa = PBXFrameworksBuildPhase;
			buildActionMask = 2147483647;
			files = (
				CDF74EBC04636A387B200AFC /* Pods_TaipeiAdoptionAnimal.framework in Frameworks */,
			);
			runOnlyForDeploymentPostprocessing = 0;
		};
/* End PBXFrameworksBuildPhase section */

/* Begin PBXGroup section */
		0400E5C81E1629D700A08606 /* Models */ = {
			isa = PBXGroup;
			children = (
			);
			name = Models;
			sourceTree = "<group>";
		};
		0461F9801E1D4626003694B7 /* resource */ = {
			isa = PBXGroup;
			children = (
				040D62EC1E1E34D00071EB1F /* share.png */,
				0461F97E1E1D45F5003694B7 /* logo.png */,
			);
			name = resource;
			sourceTree = "<group>";
		};
		04D1BD381E161AA700B9D021 = {
			isa = PBXGroup;
			children = (
				04D1BD431E161AA700B9D021 /* TaipeiAdoptionAnimal */,
				04D1BD421E161AA700B9D021 /* Products */,
				9BB54CDD5F4DE4E981EAF189 /* Pods */,
				7AF97AA4923E6645900FE36D /* Frameworks */,
			);
			sourceTree = "<group>";
		};
		04D1BD421E161AA700B9D021 /* Products */ = {
			isa = PBXGroup;
			children = (
				04D1BD411E161AA700B9D021 /* TaipeiAdoptionAnimal.app */,
			);
			name = Products;
			sourceTree = "<group>";
		};
		04D1BD431E161AA700B9D021 /* TaipeiAdoptionAnimal */ = {
			isa = PBXGroup;
			children = (
				0400E5C81E1629D700A08606 /* Models */,
				04D1BD441E161AA700B9D021 /* AppDelegate.swift */,
				04D1BD461E161AA700B9D021 /* MasterViewController.swift */,
				04A7A7961E1CAB0000051F47 /* MasterTableViewCell.swift */,
				04A7A7941E1BCA1100051F47 /* DetailViewController.swift */,
				0433C41D1E1CF7F800DB8C67 /* DetailTableViewCell.swift */,
				04D1BD481E161AA700B9D021 /* Main.storyboard */,
				04D1BD4B1E161AA700B9D021 /* Assets.xcassets */,
				04D1BD4D1E161AA700B9D021 /* LaunchScreen.storyboard */,
				04D1BD501E161AA700B9D021 /* Info.plist */,
				0461F9801E1D4626003694B7 /* resource */,
			);
			path = TaipeiAdoptionAnimal;
			sourceTree = "<group>";
		};
		7AF97AA4923E6645900FE36D /* Frameworks */ = {
			isa = PBXGroup;
			children = (
				53C89FA7F908FB96F13997A7 /* Pods_TaipeiAdoptionAnimal.framework */,
			);
			name = Frameworks;
			sourceTree = "<group>";
		};
		9BB54CDD5F4DE4E981EAF189 /* Pods */ = {
			isa = PBXGroup;
			children = (
				C25E39FB8C38AFBE090FE4C4 /* Pods-TaipeiAdoptionAnimal.debug.xcconfig */,
				96A096EDC29F54F0C7C9685A /* Pods-TaipeiAdoptionAnimal.release.xcconfig */,
			);
			name = Pods;
			sourceTree = "<group>";
		};
/* End PBXGroup section */

/* Begin PBXNativeTarget section */
		04D1BD401E161AA700B9D021 /* TaipeiAdoptionAnimal */ = {
			isa = PBXNativeTarget;
			buildConfigurationList = 04D1BD531E161AA700B9D021 /* Build configuration list for PBXNativeTarget "TaipeiAdoptionAnimal" */;
			buildPhases = (
				1F84015555A302AECEDCABF1 /* [CP] Check Pods Manifest.lock */,
				04D1BD3D1E161AA700B9D021 /* Sources */,
				04D1BD3E1E161AA700B9D021 /* Frameworks */,
				04D1BD3F1E161AA700B9D021 /* Resources */,
				05798D18D9091A24139FDC55 /* [CP] Embed Pods Frameworks */,
				34BE81F3C766C9E70AD8B9E4 /* [CP] Copy Pods Resources */,
			);
			buildRules = (
			);
			dependencies = (
			);
			name = TaipeiAdoptionAnimal;
			productName = NewTaipeiRecruitmentInfo;
			productReference = 04D1BD411E161AA700B9D021 /* TaipeiAdoptionAnimal.app */;
			productType = "com.apple.product-type.application";
		};
/* End PBXNativeTarget section */

/* Begin PBXProject section */
		04D1BD391E161AA700B9D021 /* Project object */ = {
			isa = PBXProject;
			attributes = {
				LastSwiftUpdateCheck = 0820;
				LastUpgradeCheck = 0820;
				ORGANIZATIONNAME = simonkira;
				TargetAttributes = {
					04D1BD401E161AA700B9D021 = {
						CreatedOnToolsVersion = 8.2.1;
						DevelopmentTeam = W5CPS7Q8U3;
						ProvisioningStyle = Automatic;
					};
				};
			};
			buildConfigurationList = 04D1BD3C1E161AA700B9D021 /* Build configuration list for PBXProject "TaipeiAdoptionAnimal" */;
			compatibilityVersion = "Xcode 3.2";
			developmentRegion = English;
			hasScannedForEncodings = 0;
			knownRegions = (
				en,
				Base,
			);
			mainGroup = 04D1BD381E161AA700B9D021;
			productRefGroup = 04D1BD421E161AA700B9D021 /* Products */;
			projectDirPath = "";
			projectRoot = "";
			targets = (
				04D1BD401E161AA700B9D021 /* TaipeiAdoptionAnimal */,
			);
		};
/* End PBXProject section */

/* Begin PBXResourcesBuildPhase section */
		04D1BD3F1E161AA700B9D021 /* Resources */ = {
			isa = PBXResourcesBuildPhase;
			buildActionMask = 2147483647;
			files = (
				0461F97F1E1D45F5003694B7 /* logo.png in Resources */,
				04D1BD4F1E161AA700B9D021 /* LaunchScreen.storyboard in Resources */,
				040D62ED1E1E34D00071EB1F /* share.png in Resources */,
				04D1BD4C1E161AA700B9D021 /* Assets.xcassets in Resources */,
				04D1BD4A1E161AA700B9D021 /* Main.storyboard in Resources */,
			);
			runOnlyForDeploymentPostprocessing = 0;
		};
/* End PBXResourcesBuildPhase section */

/* Begin PBXShellScriptBuildPhase section */
		05798D18D9091A24139FDC55 /* [CP] Embed Pods Frameworks */ = {
			isa = PBXShellScriptBuildPhase;
			buildActionMask = 2147483647;
			files = (
			);
			inputPaths = (
			);
			name = "[CP] Embed Pods Frameworks";
			outputPaths = (
			);
			runOnlyForDeploymentPostprocessing = 0;
			shellPath = /bin/sh;
			shellScript = "\"${SRCROOT}/Pods/Target Support Files/Pods-TaipeiAdoptionAnimal/Pods-TaipeiAdoptionAnimal-frameworks.sh\"\n";
			showEnvVarsInLog = 0;
		};
		1F84015555A302AECEDCABF1 /* [CP] Check Pods Manifest.lock */ = {
			isa = PBXShellScriptBuildPhase;
			buildActionMask = 2147483647;
			files = (
			);
			inputPaths = (
			);
			name = "[CP] Check Pods Manifest.lock";
			outputPaths = (
			);
			runOnlyForDeploymentPostprocessing = 0;
			shellPath = /bin/sh;
			shellScript = "diff \"${PODS_ROOT}/../Podfile.lock\" \"${PODS_ROOT}/Manifest.lock\" > /dev/null\nif [ $? != 0 ] ; then\n    # print error to STDERR\n    echo \"error: The sandbox is not in sync with the Podfile.lock. Run 'pod install' or update your CocoaPods installation.\" >&2\n    exit 1\nfi\n";
			showEnvVarsInLog = 0;
		};
		34BE81F3C766C9E70AD8B9E4 /* [CP] Copy Pods Resources */ = {
			isa = PBXShellScriptBuildPhase;
			buildActionMask = 2147483647;
			files = (
			);
			inputPaths = (
			);
			name = "[CP] Copy Pods Resources";
			outputPaths = (
			);
			runOnlyForDeploymentPostprocessing = 0;
			shellPath = /bin/sh;
			shellScript = "\"${SRCROOT}/Pods/Target Support Files/Pods-TaipeiAdoptionAnimal/Pods-TaipeiAdoptionAnimal-resources.sh\"\n";
			showEnvVarsInLog = 0;
		};
/* End PBXShellScriptBuildPhase section */

/* Begin PBXSourcesBuildPhase section */
		04D1BD3D1E161AA700B9D021 /* Sources */ = {
			isa = PBXSourcesBuildPhase;
			buildActionMask = 2147483647;
			files = (
				04A7A7951E1BCA1100051F47 /* DetailViewController.swift in Sources */,
				04D1BD471E161AA700B9D021 /* MasterViewController.swift in Sources */,
				04D1BD451E161AA700B9D021 /* AppDelegate.swift in Sources */,
				0433C41E1E1CF7F800DB8C67 /* DetailTableViewCell.swift in Sources */,
				04A7A7971E1CAB0000051F47 /* MasterTableViewCell.swift in Sources */,
			);
			runOnlyForDeploymentPostprocessing = 0;
		};
/* End PBXSourcesBuildPhase section */

/* Begin PBXVariantGroup section */
		04D1BD481E161AA700B9D021 /* Main.storyboard */ = {
			isa = PBXVariantGroup;
			children = (
				04D1BD491E161AA700B9D021 /* Base */,
			);
			name = Main.storyboard;
			sourceTree = "<group>";
		};
		04D1BD4D1E161AA700B9D021 /* LaunchScreen.storyboard */ = {
			isa = PBXVariantGroup;
			children = (
				04D1BD4E1E161AA700B9D021 /* Base */,
			);
			name = LaunchScreen.storyboard;
			sourceTree = "<group>";
		};
/* End PBXVariantGroup section */

/* Begin XCBuildConfiguration section */
		04D1BD511E161AA700B9D021 /* Debug */ = {
			isa = XCBuildConfiguration;
			buildSettings = {
				ALWAYS_SEARCH_USER_PATHS = NO;
				CLANG_ANALYZER_NONNULL = YES;
				CLANG_CXX_LANGUAGE_STANDARD = "gnu++0x";
				CLANG_CXX_LIBRARY = "libc++";
				CLANG_ENABLE_MODULES = YES;
				CLANG_ENABLE_OBJC_ARC = YES;
				CLANG_WARN_BOOL_CONVERSION = YES;
				CLANG_WARN_CONSTANT_CONVERSION = YES;
				CLANG_WARN_DIRECT_OBJC_ISA_USAGE = YES_ERROR;
				CLANG_WARN_DOCUMENTATION_COMMENTS = YES;
				CLANG_WARN_EMPTY_BODY = YES;
				CLANG_WARN_ENUM_CONVERSION = YES;
				CLANG_WARN_INFINITE_RECURSION = YES;
				CLANG_WARN_INT_CONVERSION = YES;
				CLANG_WARN_OBJC_ROOT_CLASS = YES_ERROR;
				CLANG_WARN_SUSPICIOUS_MOVE = YES;
				CLANG_WARN_UNREACHABLE_CODE = YES;
				CLANG_WARN__DUPLICATE_METHOD_MATCH = YES;
				"CODE_SIGN_IDENTITY[sdk=iphoneos*]" = "iPhone Developer";
				COPY_PHASE_STRIP = NO;
				DEBUG_INFORMATION_FORMAT = dwarf;
				ENABLE_STRICT_OBJC_MSGSEND = YES;
				ENABLE_TESTABILITY = YES;
				GCC_C_LANGUAGE_STANDARD = gnu99;
				GCC_DYNAMIC_NO_PIC = NO;
				GCC_NO_COMMON_BLOCKS = YES;
				GCC_OPTIMIZATION_LEVEL = 0;
				GCC_PREPROCESSOR_DEFINITIONS = (
					"DEBUG=1",
					"$(inherited)",
				);
				GCC_WARN_64_TO_32_BIT_CONVERSION = YES;
				GCC_WARN_ABOUT_RETURN_TYPE = YES_ERROR;
				GCC_WARN_UNDECLARED_SELECTOR = YES;
				GCC_WARN_UNINITIALIZED_AUTOS = YES_AGGRESSIVE;
				GCC_WARN_UNUSED_FUNCTION = YES;
				GCC_WARN_UNUSED_VARIABLE = YES;
				IPHONEOS_DEPLOYMENT_TARGET = 8.0;
				MTL_ENABLE_DEBUG_INFO = YES;
				ONLY_ACTIVE_ARCH = YES;
				SDKROOT = iphoneos;
				SWIFT_ACTIVE_COMPILATION_CONDITIONS = DEBUG;
				SWIFT_OPTIMIZATION_LEVEL = "-Onone";
			};
			name = Debug;
		};
		04D1BD521E161AA700B9D021 /* Release */ = {
			isa = XCBuildConfiguration;
			buildSettings = {
				ALWAYS_SEARCH_USER_PATHS = NO;
				CLANG_ANALYZER_NONNULL = YES;
				CLANG_CXX_LANGUAGE_STANDARD = "gnu++0x";
				CLANG_CXX_LIBRARY = "libc++";
				CLANG_ENABLE_MODULES = YES;
				CLANG_ENABLE_OBJC_ARC = YES;
				CLANG_WARN_BOOL_CONVERSION = YES;
				CLANG_WARN_CONSTANT_CONVERSION = YES;
				CLANG_WARN_DIRECT_OBJC_ISA_USAGE = YES_ERROR;
				CLANG_WARN_DOCUMENTATION_COMMENTS = YES;
				CLANG_WARN_EMPTY_BODY = YES;
				CLANG_WARN_ENUM_CONVERSION = YES;
				CLANG_WARN_INFINITE_RECURSION = YES;
				CLANG_WARN_INT_CONVERSION = YES;
				CLANG_WARN_OBJC_ROOT_CLASS = YES_ERROR;
				CLANG_WARN_SUSPICIOUS_MOVE = YES;
				CLANG_WARN_UNREACHABLE_CODE = YES;
				CLANG_WARN__DUPLICATE_METHOD_MATCH = YES;
				"CODE_SIGN_IDENTITY[sdk=iphoneos*]" = "iPhone Developer";
				COPY_PHASE_STRIP = NO;
				DEBUG_INFORMATION_FORMAT = "dwarf-with-dsym";
				ENABLE_NS_ASSERTIONS = NO;
				ENABLE_STRICT_OBJC_MSGSEND = YES;
				GCC_C_LANGUAGE_STANDARD = gnu99;
				GCC_NO_COMMON_BLOCKS = YES;
				GCC_WARN_64_TO_32_BIT_CONVERSION = YES;
				GCC_WARN_ABOUT_RETURN_TYPE = YES_ERROR;
				GCC_WARN_UNDECLARED_SELECTOR = YES;
				GCC_WARN_UNINITIALIZED_AUTOS = YES_AGGRESSIVE;
				GCC_WARN_UNUSED_FUNCTION = YES;
				GCC_WARN_UNUSED_VARIABLE = YES;
				IPHONEOS_DEPLOYMENT_TARGET = 8.0;
				MTL_ENABLE_DEBUG_INFO = NO;
				SDKROOT = iphoneos;
				SWIFT_OPTIMIZATION_LEVEL = "-Owholemodule";
				VALIDATE_PRODUCT = YES;
			};
			name = Release;
		};
		04D1BD541E161AA700B9D021 /* Debug */ = {
			isa = XCBuildConfiguration;
			baseConfigurationReference = C25E39FB8C38AFBE090FE4C4 /* Pods-TaipeiAdoptionAnimal.debug.xcconfig */;
			buildSettings = {
				ASSETCATALOG_COMPILER_APPICON_NAME = AppIcon;
				ASSETCATALOG_COMPILER_LAUNCHIMAGE_NAME = LaunchImageAllDevice;
				DEVELOPMENT_TEAM = W5CPS7Q8U3;
				INFOPLIST_FILE = "$(SRCROOT)/TaipeiAdoptionAnimal/Info.plist";
				LD_RUNPATH_SEARCH_PATHS = "$(inherited) @executable_path/Frameworks";
				PRODUCT_BUNDLE_IDENTIFIER = com.simon.TaipeiAdoptionAnimal;
				PRODUCT_NAME = "$(TARGET_NAME)";
				SWIFT_VERSION = 3.0;
			};
			name = Debug;
		};
		04D1BD551E161AA700B9D021 /* Release */ = {
			isa = XCBuildConfiguration;
			baseConfigurationReference = 96A096EDC29F54F0C7C9685A /* Pods-TaipeiAdoptionAnimal.release.xcconfig */;
			buildSettings = {
				ASSETCATALOG_COMPILER_APPICON_NAME = AppIcon;
				ASSETCATALOG_COMPILER_LAUNCHIMAGE_NAME = LaunchImageAllDevice;
				DEVELOPMENT_TEAM = W5CPS7Q8U3;
				INFOPLIST_FILE = "$(SRCROOT)/TaipeiAdoptionAnimal/Info.plist";
				LD_RUNPATH_SEARCH_PATHS = "$(inherited) @executable_path/Frameworks";
				PRODUCT_BUNDLE_IDENTIFIER = com.simon.TaipeiAdoptionAnimal;
				PRODUCT_NAME = "$(TARGET_NAME)";
				SWIFT_VERSION = 3.0;
			};
			name = Release;
		};
/* End XCBuildConfiguration section */

/* Begin XCConfigurationList section */
		04D1BD3C1E161AA700B9D021 /* Build configuration list for PBXProject "TaipeiAdoptionAnimal" */ = {
			isa = XCConfigurationList;
			buildConfigurations = (
				04D1BD511E161AA700B9D021 /* Debug */,
				04D1BD521E161AA700B9D021 /* Release */,
			);
			defaultConfigurationIsVisible = 0;
			defaultConfigurationName = Release;
		};
		04D1BD531E161AA700B9D021 /* Build configuration list for PBXNativeTarget "TaipeiAdoptionAnimal" */ = {
			isa = XCConfigurationList;
			buildConfigurations = (
				04D1BD541E161AA700B9D021 /* Debug */,
				04D1BD551E161AA700B9D021 /* Release */,
			);
			defaultConfigurationIsVisible = 0;
			defaultConfigurationName = Release;
		};
/* End XCConfigurationList section */
	};
	rootObject = 04D1BD391E161AA700B9D021 /* Project object */;
}
